
Microsoft Visual Studio Solution File, Format Version 12.00
# Visual Studio 2013
VisualStudioVersion = 12.0.21005.1
MinimumVisualStudioVersion = 10.0.40219.1
Project("{FAE04EC0-301F-11D3-BF4B-00C04F79EFBC}") = "SoftLabProject", "SoftLabProject\SoftLabProject.csproj", "{9FA03F26-9F3A-4212-8859-E94BD37295BD}"
EndProject
Project("{FAE04EC0-301F-11D3-BF4B-00C04F79EFBC}") = "SoftLabProject.Tests", "SoftLabProject.Tests\SoftLabProject.Tests.csproj", "{AD21F8B1-EB17-4FB8-93B3-04D046EABECD}"
EndProject
Project("{FAE04EC0-301F-11D3-BF4B-00C04F79EFBC}") = "WebApplication1", "WebApplication1\WebApplication1.csproj", "{42C2AD77-3997-4D10-BAFE-35680638469B}"
EndProject
Global
	GlobalSection(SolutionConfigurationPlatforms) = preSolution
		Debug|Any CPU = Debug|Any CPU
		Release|Any CPU = Release|Any CPU
	EndGlobalSection
	GlobalSection(ProjectConfigurationPlatforms) = postSolution
		{9FA03F26-9F3A-4212-8859-E94BD37295BD}.Debug|Any CPU.ActiveCfg = Debug|Any CPU
		{9FA03F26-9F3A-4212-8859-E94BD37295BD}.Debug|Any CPU.Build.0 = Debug|Any CPU
		{9FA03F26-9F3A-4212-8859-E94BD37295BD}.Release|Any CPU.ActiveCfg = Release|Any CPU
		{9FA03F26-9F3A-4212-8859-E94BD37295BD}.Release|Any CPU.Build.0 = Release|Any CPU
		{AD21F8B1-EB17-4FB8-93B3-04D046EABECD}.Debug|Any CPU.ActiveCfg = Debug|Any CPU
		{AD21F8B1-EB17-4FB8-93B3-04D046EABECD}.Debug|Any CPU.Build.0 = Debug|Any CPU
		{AD21F8B1-EB17-4FB8-93B3-04D046EABECD}.Release|Any CPU.ActiveCfg = Release|Any CPU
		{AD21F8B1-EB17-4FB8-93B3-04D046EABECD}.Release|Any CPU.Build.0 = Release|Any CPU
		{42C2AD77-3997-4D10-BAFE-35680638469B}.Debug|Any CPU.ActiveCfg = Debug|Any CPU
		{42C2AD77-3997-4D10-BAFE-35680638469B}.Debug|Any CPU.Build.0 = Debug|Any CPU
		{42C2AD77-3997-4D10-BAFE-35680638469B}.Release|Any CPU.ActiveCfg = Release|Any CPU
		{42C2AD77-3997-4D10-BAFE-35680638469B}.Release|Any CPU.Build.0 = Release|Any CPU
	EndGlobalSection
	GlobalSection(SolutionProperties) = preSolution
		HideSolutionNode = FALSE
	EndGlobalSection
EndGlobal
